{
  "version": "5",
  "redirects": {
    "https://esm.sh/@supabase/phoenix@^0.4.0?target=denonext": "https://esm.sh/@supabase/phoenix@0.4.1?target=denonext",
    "https://esm.sh/@supabase/supabase-js@2": "https://esm.sh/@supabase/supabase-js@2.104.1",
    "https://esm.sh/iceberg-js@^0.8.1?target=denonext": "https://esm.sh/iceberg-js@0.8.1?target=denonext"
  },
  "remote": {
    "https://deno.land/std@0.208.0/async/delay.ts": "a6142eb44cdd856b645086af2b811b1fcce08ec06bb7d50969e6a872ee9b8659",
    "https://deno.land/std@0.208.0/http/server.ts": "f3cde6672e631d3e00785743cfa96bfed275618c0352c5ae84abbe5a2e0e4afc",
    "https://esm.sh/@anthropic-ai/sdk@0.27.0": "992d7e92a79d3fb432706694e181978a12f62b8fda7f4cff7e2bfe81c0f2f0c5",
    "https://esm.sh/@anthropic-ai/sdk@0.27.0/denonext/_shims/MultipartBody.mjs": "84822cf24c4bcc99d79329662c3c399952ca21ea38b05f895c1aab9d9d8fd182",
    "https://esm.sh/@anthropic-ai/sdk@0.27.0/denonext/_shims/auto/runtime.mjs": "6b7fe0ae1ebc990f2d7fe812206bf47f6e7d19e43b0c0a1b9d5644baad53a8ab",
    "https://esm.sh/@anthropic-ai/sdk@0.27.0/denonext/_shims/index.mjs": "376ec1b194aa155e38d9cd405a68803be9e514a327e60d6f8a82d1f1958e56cd",
    "https://esm.sh/@anthropic-ai/sdk@0.27.0/denonext/_shims/registry.mjs": "027ea44c0021c8e7b8e5da47fbdc1a61ddc2c5d355ee8d1708258f1959deb66e",
    "https://esm.sh/@anthropic-ai/sdk@0.27.0/denonext/_shims/web-runtime.mjs": "07ac9ad6cd19d3fdc55d3b75b3ae8ddfa61bdced7eb4aefb2e0145c9e43a6df7",
    "https://esm.sh/@anthropic-ai/sdk@0.27.0/denonext/_vendor/partial-json-parser/parser.mjs": "0ad9aa1870a9524d926fc984cd1fa37f56642901ce6ddb556ed2f793e7aba214",
    "https://esm.sh/@anthropic-ai/sdk@0.27.0/denonext/core.mjs": "7c72a7d0beab085d8f587314d26714a4e4cddf4c3855d35db50f820ad4ac2792",
    "https://esm.sh/@anthropic-ai/sdk@0.27.0/denonext/error.mjs": "3712a0e40c0345bdfe61e0595564fb0dacdf58e02c049220965464a62b976d0f",
    "https://esm.sh/@anthropic-ai/sdk@0.27.0/denonext/lib/MessageStream.mjs": "afe8590c345d806b823d03cabab13e6f26da75b77e236f21c93a638c1e296a45",
    "https://esm.sh/@anthropic-ai/sdk@0.27.0/denonext/lib/PromptCachingBetaMessageStream.mjs": "e28f7b01530446b9cbec5c88a373e9070db4bc8461148ac80332f394819dc558",
    "https://esm.sh/@anthropic-ai/sdk@0.27.0/denonext/resource.mjs": "06990cd019f9fa53b53cb4ff30a598b9c28cd9e3e0581aea082ae86857b4e1c3",
    "https://esm.sh/@anthropic-ai/sdk@0.27.0/denonext/resources/beta/beta.mjs": "35597759b26a68538a401ed5bac8dfd6c433d32c5df31a8fda251933e54ca24c",
    "https://esm.sh/@anthropic-ai/sdk@0.27.0/denonext/resources/beta/prompt-caching/messages.mjs": "ef43b3cf043119b9247d40057d7f82747a1ab01ab2028ea5a2c54f3b8b1c0a64",
    "https://esm.sh/@anthropic-ai/sdk@0.27.0/denonext/resources/beta/prompt-caching/prompt-caching.mjs": "b6d90ea61db4408d0ed595788fce11884d63fbe32054a0653b17524c26a30340",
    "https://esm.sh/@anthropic-ai/sdk@0.27.0/denonext/resources/completions.mjs": "688d51169a33728287cff2b7ae0ba0ca0b9ed451ce07e0a4c395565d2de16e53",
    "https://esm.sh/@anthropic-ai/sdk@0.27.0/denonext/resources/index.mjs": "e364e3f6e3b483c5bc7101745da158e71987f2482548a2998d778c320cc32070",
    "https://esm.sh/@anthropic-ai/sdk@0.27.0/denonext/resources/messages.mjs": "559da7b8e39e1af0eab8ebaa2f6b2fc75c1c67795e604a5e5e2eae357b09d024",
    "https://esm.sh/@anthropic-ai/sdk@0.27.0/denonext/sdk.mjs": "b91529256f1e54d5feb076befa20470ca5fcec0abfcb1693f77b03dbbf00dbb4",
    "https://esm.sh/@anthropic-ai/sdk@0.27.0/denonext/streaming.mjs": "fc64db5940ea690668d1acc71b28ac362c80f5941d80164ce08aa6658adaed3d",
    "https://esm.sh/@anthropic-ai/sdk@0.27.0/denonext/uploads.mjs": "50d9ae3023eede6cf5413c05e44af2168abb87e07fe549bd2a4d9ba90e6446a1",
    "https://esm.sh/@anthropic-ai/sdk@0.27.0/denonext/version.mjs": "10d1ce9881d84826ed4e76942384e710d3b9f8ffe55a4c2c4755226f46a5914d",
    "https://esm.sh/@supabase/auth-js@2.104.1/denonext/auth-js.mjs": "ed9f6d02a5885883291659fb1c23e0e263dd991bb1857b58fd6a818702a8ad16",
    "https://esm.sh/@supabase/functions-js@2.104.1/denonext/functions-js.mjs": "e2526f175d7256933eb973721c6feb02ee0bfbd50a743663652f79995c6e120c",
    "https://esm.sh/@supabase/phoenix@0.4.1/denonext/phoenix.mjs": "90a9f887b7a8e21d1928f4edd2aa62842b348f4dda81d79ded6ad70503ab14f8",
    "https://esm.sh/@supabase/phoenix@0.4.1?target=denonext": "d45f006997b634de18932bf86b45f0ca66c11e8b1de9cb34d48aa3fe80c65a43",
    "https://esm.sh/@supabase/postgrest-js@2.104.1/denonext/postgrest-js.mjs": "f968232d2d22950299afe0712a8073f6a03e80e1b53ff3411763328394bbe976",
    "https://esm.sh/@supabase/realtime-js@2.104.1/denonext/realtime-js.mjs": "61b3266d1bfa729a91bf5f804970a2d9612303d11acad20e82342103e9b5b691",
    "https://esm.sh/@supabase/storage-js@2.104.1/denonext/storage-js.mjs": "8783d810ec64743721155f4e45dc5ce8547f250fb6c3b0097603ea0661f8c9ba",
    "https://esm.sh/@supabase/supabase-js@2.104.1": "bad73bfa9aac8a6d896e7a1d4449c7c2ece9a01bccca9e9569f1ed0fc76b5222",
    "https://esm.sh/@supabase/supabase-js@2.104.1/denonext/supabase-js.mjs": "dd594d5874d2da69f6e8d844b3a899b799f86d00f61e0cac43c215e3f31b4a04",
    "https://esm.sh/iceberg-js@0.8.1/denonext/iceberg-js.mjs": "d839d81a2e3966500ca2cdd0c1cb458e9608bacfc91f7bb67a69b2e878dcdb4f",
    "https://esm.sh/iceberg-js@0.8.1?target=denonext": "58c849d7fe2bf4eca4a84eb501e83c161a7d8c34ca1bec15a962b3bec3062633",
    "https://esm.sh/tslib@2.8.1/denonext/tslib.mjs": "c38da5dd6da6281964435002ce204cd586634fe3bdfb24a0ee116f48cf3292e9"
  }
}
