// !$*UTF8*$!
{
	archiveVersion = 1;
	classes = {
	};
	objectVersion = 77;
	objects = {

/* Begin PBXBuildFile section */
		05A392DF2948F3FC281225E5 /* TimedWidgets.appex in Embed Foundation Extensions */ = {isa = PBXBuildFile; fileRef = 683F69D25B79B425C6042337 /* TimedWidgets.appex */; settings = {ATTRIBUTES = (RemoveHeadersOnCopy, ); }; };
		0D638483130B267B08E72D4D /* TimedShare.appex in Embed Foundation Extensions */ = {isa = PBXBuildFile; fileRef = 53A3A0CE0EEE1CFC9D16714A /* TimedShare.appex */; settings = {ATTRIBUTES = (RemoveHeadersOnCopy, ); }; };
		3056535D491DB35F1DD70896 /* Assets.xcassets in Resources */ = {isa = PBXBuildFile; fileRef = 3A48D902712F47E79B974049 /* Assets.xcassets */; };
		5761AC233865DF0B31CEF199 /* TodayPriorityWidget.swift in Sources */ = {isa = PBXBuildFile; fileRef = 915100A598394968779A1738 /* TodayPriorityWidget.swift */; };
		5EC75790FED1CCD9817431AC /* ShareViewController.swift in Sources */ = {isa = PBXBuildFile; fileRef = 304A39DA80FFA89404802C96 /* ShareViewController.swift */; };
		71F33E9539ECFD0D7CA66C20 /* SharedSnapshot.swift in Sources */ = {isa = PBXBuildFile; fileRef = 4165C4B334DE5E397A4157BA /* SharedSnapshot.swift */; };
		788A4052A1093694D13F52D0 /* Assets.xcassets in Resources */ = {isa = PBXBuildFile; fileRef = 16828F846B2A5A3A8CB8176B /* Assets.xcassets */; };
		7E6DE3BCB41C18FF6E1716D1 /* TimedConversationLiveActivity.swift in Sources */ = {isa = PBXBuildFile; fileRef = A123BBC2A28E06A280416BFD /* TimedConversationLiveActivity.swift */; };
		838312F91E73FE0E3BB598A2 /* TimedWidgetsBundle.swift in Sources */ = {isa = PBXBuildFile; fileRef = 1A32B54C2AF1A4A73F12F948 /* TimedWidgetsBundle.swift */; };
		93EC3FC641D0DBBAFFD3D3A3 /* TimedKit in Frameworks */ = {isa = PBXBuildFile; productRef = 1BF4FF7E506CAB396751F103 /* TimedKit */; };
		AD15C74A46AFAB93271E5E26 /* TimedKit in Frameworks */ = {isa = PBXBuildFile; productRef = 7FA8DC3E0DF52AE3C1796D23 /* TimedKit */; };
		C28DFF9D98F38FA8946DA9CA /* TimediOSAppMain.swift in Sources */ = {isa = PBXBuildFile; fileRef = A1526A3B85704124B366DB2B /* TimediOSAppMain.swift */; };
		D516D6ACD901E04EE71B5993 /* TimedMacAppMain.swift in Sources */ = {isa = PBXBuildFile; fileRef = C7A6532F1B25D32187B213E4 /* TimedMacAppMain.swift */; };
		DDA2B2E924816A4FF77FC04F /* PrivacyInfo.xcprivacy in Resources */ = {isa = PBXBuildFile; fileRef = 7C73F54A8D57CD3FE97C251F /* PrivacyInfo.xcprivacy */; };
/* End PBXBuildFile section */

/* Begin PBXContainerItemProxy section */
		85B1F5A6022686B11C2BDAB4 /* PBXContainerItemProxy */ = {
			isa = PBXContainerItemProxy;
			containerPortal = 5838F89CB4F44D13FB419BBB /* Project object */;
			proxyType = 1;
			remoteGlobalIDString = D78670EC31174904DD658422;
			remoteInfo = TimedWidgets;
		};
		BF5C71DB268284B2FDCF883F /* PBXContainerItemProxy */ = {
			isa = PBXContainerItemProxy;
			containerPortal = 5838F89CB4F44D13FB419BBB /* Project object */;
			proxyType = 1;
			remoteGlobalIDString = 487B33BAE09E18CB8BB4E60D;
			remoteInfo = TimedShare;
		};
/* End PBXContainerItemProxy section */

/* Begin PBXCopyFilesBuildPhase section */
		6CAC419F6E0A9F2C96A6BAD6 /* Embed Foundation Extensions */ = {
			isa = PBXCopyFilesBuildPhase;
			buildActionMask = 2147483647;
			dstPath = "";
			dstSubfolderSpec = 13;
			files = (
				05A392DF2948F3FC281225E5 /* TimedWidgets.appex in Embed Foundation Extensions */,
				0D638483130B267B08E72D4D /* TimedShare.appex in Embed Foundation Extensions */,
			);
			name = "Embed Foundation Extensions";
			runOnlyForDeploymentPostprocessing = 0;
		};
/* End PBXCopyFilesBuildPhase section */

/* Begin PBXFileReference section */
		16828F846B2A5A3A8CB8176B /* Assets.xcassets */ = {isa = PBXFileReference; lastKnownFileType = folder.assetcatalog; path = Assets.xcassets; sourceTree = "<group>"; };
		1A32B54C2AF1A4A73F12F948 /* TimedWidgetsBundle.swift */ = {isa = PBXFileReference; lastKnownFileType = sourcecode.swift; path = TimedWidgetsBundle.swift; sourceTree = "<group>"; };
		304A39DA80FFA89404802C96 /* ShareViewController.swift */ = {isa = PBXFileReference; lastKnownFileType = sourcecode.swift; path = ShareViewController.swift; sourceTree = "<group>"; };
		3A48D902712F47E79B974049 /* Assets.xcassets */ = {isa = PBXFileReference; lastKnownFileType = folder.assetcatalog; path = Assets.xcassets; sourceTree = "<group>"; };
		4165C4B334DE5E397A4157BA /* SharedSnapshot.swift */ = {isa = PBXFileReference; lastKnownFileType = sourcecode.swift; path = SharedSnapshot.swift; sourceTree = "<group>"; };
		43C5EED507613D090AE7B255 /* Info.plist */ = {isa = PBXFileReference; lastKnownFileType = text.plist; path = Info.plist; sourceTree = "<group>"; };
		53A3A0CE0EEE1CFC9D16714A /* TimedShare.appex */ = {isa = PBXFileReference; includeInIndex = 0; lastKnownFileType = "wrapper.app-extension"; path = TimedShare.appex; sourceTree = BUILT_PRODUCTS_DIR; };
		683F69D25B79B425C6042337 /* TimedWidgets.appex */ = {isa = PBXFileReference; includeInIndex = 0; lastKnownFileType = "wrapper.app-extension"; path = TimedWidgets.appex; sourceTree = BUILT_PRODUCTS_DIR; };
		7C73F54A8D57CD3FE97C251F /* PrivacyInfo.xcprivacy */ = {isa = PBXFileReference; path = PrivacyInfo.xcprivacy; sourceTree = "<group>"; };
		7F05CFD5A2F58AA53511FACC /* TimediOS.app */ = {isa = PBXFileReference; includeInIndex = 0; lastKnownFileType = wrapper.application; path = TimediOS.app; sourceTree = BUILT_PRODUCTS_DIR; };
		80DB16F9409E0832A8F9E86C /* Info.plist */ = {isa = PBXFileReference; lastKnownFileType = text.plist; path = Info.plist; sourceTree = "<group>"; };
		81EE42841B6B6F1009B42A2F /* Widgets.entitlements */ = {isa = PBXFileReference; lastKnownFileType = text.plist.entitlements; path = Widgets.entitlements; sourceTree = "<group>"; };
		915100A598394968779A1738 /* TodayPriorityWidget.swift */ = {isa = PBXFileReference; lastKnownFileType = sourcecode.swift; path = TodayPriorityWidget.swift; sourceTree = "<group>"; };
		92706209646E9BD984BB2B7D /* TimedMac.app */ = {isa = PBXFileReference; explicitFileType = wrapper.application; includeInIndex = 0; path = TimedMac.app; sourceTree = BUILT_PRODUCTS_DIR; };
		A123BBC2A28E06A280416BFD /* TimedConversationLiveActivity.swift */ = {isa = PBXFileReference; lastKnownFileType = sourcecode.swift; path = TimedConversationLiveActivity.swift; sourceTree = "<group>"; };
		A1526A3B85704124B366DB2B /* TimediOSAppMain.swift */ = {isa = PBXFileReference; lastKnownFileType = sourcecode.swift; path = TimediOSAppMain.swift; sourceTree = "<group>"; };
		C7A6532F1B25D32187B213E4 /* TimedMacAppMain.swift */ = {isa = PBXFileReference; lastKnownFileType = sourcecode.swift; path = TimedMacAppMain.swift; sourceTree = "<group>"; };
		C8A2D5A9ABABF1CCAC9256DA /* ios-port */ = {isa = PBXFileReference; lastKnownFileType = folder; name = "ios-port"; path = .; sourceTree = SOURCE_ROOT; };
		E6AEF027AC6C9960290C00C1 /* Share.entitlements */ = {isa = PBXFileReference; lastKnownFileType = text.plist.entitlements; path = Share.entitlements; sourceTree = "<group>"; };
/* End PBXFileReference section */

/* Begin PBXFrameworksBuildPhase section */
		3DE4BD247278826CA1588A2C /* Frameworks */ = {
			isa = PBXFrameworksBuildPhase;
			buildActionMask = 2147483647;
			files = (
				93EC3FC641D0DBBAFFD3D3A3 /* TimedKit in Frameworks */,
			);
			runOnlyForDeploymentPostprocessing = 0;
		};
		5432AF9EE0E995A1A8A8C6F3 /* Frameworks */ = {
			isa = PBXFrameworksBuildPhase;
			buildActionMask = 2147483647;
			files = (
				AD15C74A46AFAB93271E5E26 /* TimedKit in Frameworks */,
			);
			runOnlyForDeploymentPostprocessing = 0;
		};
/* End PBXFrameworksBuildPhase section */

/* Begin PBXGroup section */
		14BF753A0092F66726E2FD17 /* TimedMacApp */ = {
			isa = PBXGroup;
			children = (
				C7A6532F1B25D32187B213E4 /* TimedMacAppMain.swift */,
			);
			path = TimedMacApp;
			sourceTree = "<group>";
		};
		4DE158EF2D02C3FC11415132 /* Products */ = {
			isa = PBXGroup;
			children = (
				7F05CFD5A2F58AA53511FACC /* TimediOS.app */,
				92706209646E9BD984BB2B7D /* TimedMac.app */,
				53A3A0CE0EEE1CFC9D16714A /* TimedShare.appex */,
				683F69D25B79B425C6042337 /* TimedWidgets.appex */,
			);
			name = Products;
			sourceTree = "<group>";
		};
		5510DE2671CDE90C8BEC027F /* Platforms */ = {
			isa = PBXGroup;
			children = (
				6F1812546BFFEFE125BA277F /* iOS */,
			);
			path = Platforms;
			sourceTree = "<group>";
		};
		6F1812546BFFEFE125BA277F /* iOS */ = {
			isa = PBXGroup;
			children = (
				16828F846B2A5A3A8CB8176B /* Assets.xcassets */,
				7C73F54A8D57CD3FE97C251F /* PrivacyInfo.xcprivacy */,
				A1526A3B85704124B366DB2B /* TimediOSAppMain.swift */,
			);
			path = iOS;
			sourceTree = "<group>";
		};
		7F575FF6CA4596834F318245 /* Packages */ = {
			isa = PBXGroup;
			children = (
				C8A2D5A9ABABF1CCAC9256DA /* ios-port */,
			);
			name = Packages;
			sourceTree = "<group>";
		};
		80BF085DC7CDCA756E923551 /* Widgets */ = {
			isa = PBXGroup;
			children = (
				43C5EED507613D090AE7B255 /* Info.plist */,
				4165C4B334DE5E397A4157BA /* SharedSnapshot.swift */,
				A123BBC2A28E06A280416BFD /* TimedConversationLiveActivity.swift */,
				1A32B54C2AF1A4A73F12F948 /* TimedWidgetsBundle.swift */,
				915100A598394968779A1738 /* TodayPriorityWidget.swift */,
				81EE42841B6B6F1009B42A2F /* Widgets.entitlements */,
			);
			path = Widgets;
			sourceTree = "<group>";
		};
		811ED8212E48895DA138FB5B = {
			isa = PBXGroup;
			children = (
				B9CA00446A70CD5958B49296 /* Extensions */,
				7F575FF6CA4596834F318245 /* Packages */,
				5510DE2671CDE90C8BEC027F /* Platforms */,
				9528C5CDEABCA754A338D32B /* Sources */,
				3A48D902712F47E79B974049 /* Assets.xcassets */,
				4DE158EF2D02C3FC11415132 /* Products */,
			);
			sourceTree = "<group>";
		};
		81FA11827F3CD32C9BEC6124 /* Share */ = {
			isa = PBXGroup;
			children = (
				80DB16F9409E0832A8F9E86C /* Info.plist */,
				E6AEF027AC6C9960290C00C1 /* Share.entitlements */,
				304A39DA80FFA89404802C96 /* ShareViewController.swift */,
			);
			path = Share;
			sourceTree = "<group>";
		};
		9528C5CDEABCA754A338D32B /* Sources */ = {
			isa = PBXGroup;
			children = (
				14BF753A0092F66726E2FD17 /* TimedMacApp */,
			);
			path = Sources;
			sourceTree = "<group>";
		};
		B9CA00446A70CD5958B49296 /* Extensions */ = {
			isa = PBXGroup;
			children = (
				81FA11827F3CD32C9BEC6124 /* Share */,
				80BF085DC7CDCA756E923551 /* Widgets */,
			);
			path = Extensions;
			sourceTree = "<group>";
		};
/* End PBXGroup section */

/* Begin PBXNativeTarget section */
		2F1CF20DE0AC0C3B28ECC6D2 /* TimedMac */ = {
			isa = PBXNativeTarget;
			buildConfigurationList = 244C65DE4BD1FBECC3599815 /* Build configuration list for PBXNativeTarget "TimedMac" */;
			buildPhases = (
				EDABC5E155C5077DE349F275 /* Sources */,
				BC721906C1265D3AA6917533 /* Resources */,
				3DE4BD247278826CA1588A2C /* Frameworks */,
			);
			buildRules = (
			);
			dependencies = (
			);
			name = TimedMac;
			packageProductDependencies = (
				1BF4FF7E506CAB396751F103 /* TimedKit */,
			);
			productName = TimedMac;
			productReference = 92706209646E9BD984BB2B7D /* TimedMac.app */;
			productType = "com.apple.product-type.application";
		};
		37A576DA59B9022D3C13D993 /* TimediOS */ = {
			isa = PBXNativeTarget;
			buildConfigurationList = 37C73AD237B470202DA20FA4 /* Build configuration list for PBXNativeTarget "TimediOS" */;
			buildPhases = (
				0C72744BC0FF7E66B4401096 /* Sources */,
				48E6215BB6830FD0CA000F87 /* Resources */,
				5432AF9EE0E995A1A8A8C6F3 /* Frameworks */,
				6CAC419F6E0A9F2C96A6BAD6 /* Embed Foundation Extensions */,
			);
			buildRules = (
			);
			dependencies = (
				E723CFFFECDD7A6BA1807E62 /* PBXTargetDependency */,
				6E7930EF4DDD227EF2D8F3FE /* PBXTargetDependency */,
			);
			name = TimediOS;
			packageProductDependencies = (
				7FA8DC3E0DF52AE3C1796D23 /* TimedKit */,
			);
			productName = TimediOS;
			productReference = 7F05CFD5A2F58AA53511FACC /* TimediOS.app */;
			productType = "com.apple.product-type.application";
		};
		487B33BAE09E18CB8BB4E60D /* TimedShare */ = {
			isa = PBXNativeTarget;
			buildConfigurationList = 36E5BBFA62DBD95FF1E62FBB /* Build configuration list for PBXNativeTarget "TimedShare" */;
			buildPhases = (
				628723A60FCCB91ADB349777 /* Sources */,
			);
			buildRules = (
			);
			dependencies = (
			);
			name = TimedShare;
			packageProductDependencies = (
			);
			productName = TimedShare;
			productReference = 53A3A0CE0EEE1CFC9D16714A /* TimedShare.appex */;
			productType = "com.apple.product-type.app-extension";
		};
		D78670EC31174904DD658422 /* TimedWidgets */ = {
			isa = PBXNativeTarget;
			buildConfigurationList = 44947E5B3D141FED3B2F14C0 /* Build configuration list for PBXNativeTarget "TimedWidgets" */;
			buildPhases = (
				B4BAA635AFFCC723A0564F68 /* Sources */,
			);
			buildRules = (
			);
			dependencies = (
			);
			name = TimedWidgets;
			packageProductDependencies = (
			);
			productName = TimedWidgets;
			productReference = 683F69D25B79B425C6042337 /* TimedWidgets.appex */;
			productType = "com.apple.product-type.app-extension";
		};
/* End PBXNativeTarget section */

/* Begin PBXProject section */
		5838F89CB4F44D13FB419BBB /* Project object */ = {
			isa = PBXProject;
			attributes = {
				BuildIndependentTargetsInParallel = YES;
				LastUpgradeCheck = 1430;
				TargetAttributes = {
					2F1CF20DE0AC0C3B28ECC6D2 = {
						ProvisioningStyle = Automatic;
					};
					37A576DA59B9022D3C13D993 = {
						ProvisioningStyle = Automatic;
					};
					487B33BAE09E18CB8BB4E60D = {
						ProvisioningStyle = Automatic;
					};
					D78670EC31174904DD658422 = {
						ProvisioningStyle = Automatic;
					};
				};
			};
			buildConfigurationList = A96E151A343C1CF1C70663DF /* Build configuration list for PBXProject "Timed" */;
			developmentRegion = en;
			hasScannedForEncodings = 0;
			knownRegions = (
				Base,
				en,
			);
			mainGroup = 811ED8212E48895DA138FB5B;
			minimizedProjectReferenceProxies = 1;
			packageReferences = (
				5C6CA39A73A71CE7CC860D1C /* XCLocalSwiftPackageReference "." */,
			);
			preferredProjectObjectVersion = 77;
			productRefGroup = 4DE158EF2D02C3FC11415132 /* Products */;
			projectDirPath = "";
			projectRoot = "";
			targets = (
				2F1CF20DE0AC0C3B28ECC6D2 /* TimedMac */,
				487B33BAE09E18CB8BB4E60D /* TimedShare */,
				D78670EC31174904DD658422 /* TimedWidgets */,
				37A576DA59B9022D3C13D993 /* TimediOS */,
			);
		};
/* End PBXProject section */

/* Begin PBXResourcesBuildPhase section */
		48E6215BB6830FD0CA000F87 /* Resources */ = {
			isa = PBXResourcesBuildPhase;
			buildActionMask = 2147483647;
			files = (
				788A4052A1093694D13F52D0 /* Assets.xcassets in Resources */,
				DDA2B2E924816A4FF77FC04F /* PrivacyInfo.xcprivacy in Resources */,
			);
			runOnlyForDeploymentPostprocessing = 0;
		};
		BC721906C1265D3AA6917533 /* Resources */ = {
			isa = PBXResourcesBuildPhase;
			buildActionMask = 2147483647;
			files = (
				3056535D491DB35F1DD70896 /* Assets.xcassets in Resources */,
			);
			runOnlyForDeploymentPostprocessing = 0;
		};
/* End PBXResourcesBuildPhase section */

/* Begin PBXSourcesBuildPhase section */
		0C72744BC0FF7E66B4401096 /* Sources */ = {
			isa = PBXSourcesBuildPhase;
			buildActionMask = 2147483647;
			files = (
				C28DFF9D98F38FA8946DA9CA /* TimediOSAppMain.swift in Sources */,
			);
			runOnlyForDeploymentPostprocessing = 0;
		};
		628723A60FCCB91ADB349777 /* Sources */ = {
			isa = PBXSourcesBuildPhase;
			buildActionMask = 2147483647;
			files = (
				5EC75790FED1CCD9817431AC /* ShareViewController.swift in Sources */,
			);
			runOnlyForDeploymentPostprocessing = 0;
		};
		B4BAA635AFFCC723A0564F68 /* Sources */ = {
			isa = PBXSourcesBuildPhase;
			buildActionMask = 2147483647;
			files = (
				71F33E9539ECFD0D7CA66C20 /* SharedSnapshot.swift in Sources */,
				7E6DE3BCB41C18FF6E1716D1 /* TimedConversationLiveActivity.swift in Sources */,
				838312F91E73FE0E3BB598A2 /* TimedWidgetsBundle.swift in Sources */,
				5761AC233865DF0B31CEF199 /* TodayPriorityWidget.swift in Sources */,
			);
			runOnlyForDeploymentPostprocessing = 0;
		};
		EDABC5E155C5077DE349F275 /* Sources */ = {
			isa = PBXSourcesBuildPhase;
			buildActionMask = 2147483647;
			files = (
				D516D6ACD901E04EE71B5993 /* TimedMacAppMain.swift in Sources */,
			);
			runOnlyForDeploymentPostprocessing = 0;
		};
/* End PBXSourcesBuildPhase section */

/* Begin PBXTargetDependency section */
		6E7930EF4DDD227EF2D8F3FE /* PBXTargetDependency */ = {
			isa = PBXTargetDependency;
			target = 487B33BAE09E18CB8BB4E60D /* TimedShare */;
			targetProxy = BF5C71DB268284B2FDCF883F /* PBXContainerItemProxy */;
		};
		E723CFFFECDD7A6BA1807E62 /* PBXTargetDependency */ = {
			isa = PBXTargetDependency;
			target = D78670EC31174904DD658422 /* TimedWidgets */;
			targetProxy = 85B1F5A6022686B11C2BDAB4 /* PBXContainerItemProxy */;
		};
/* End PBXTargetDependency section */

/* Begin XCBuildConfiguration section */
		05C462C471995706DE02987A /* Debug */ = {
			isa = XCBuildConfiguration;
			buildSettings = {
				ASSETCATALOG_COMPILER_APPICON_NAME = AppIcon;
				CODE_SIGN_ENTITLEMENTS = Platforms/Mac/Timed.entitlements;
				CODE_SIGN_IDENTITY = "-";
				CODE_SIGN_STYLE = Automatic;
				COMBINE_HIDPI_IMAGES = YES;
				ENABLE_HARDENED_RUNTIME = YES;
				INFOPLIST_FILE = Platforms/Mac/Info.plist;
				LD_RUNPATH_SEARCH_PATHS = (
					"$(inherited)",
					"@executable_path/../Frameworks",
				);
				MACOSX_DEPLOYMENT_TARGET = 15.0;
				PRODUCT_BUNDLE_IDENTIFIER = com.ammarshahin.timed;
				PRODUCT_NAME = Timed;
				SDKROOT = macosx;
			};
			name = Debug;
		};
		0B59E57AFDDD09ACD5A41AC4 /* Debug */ = {
			isa = XCBuildConfiguration;
			buildSettings = {
				CODE_SIGN_ENTITLEMENTS = Extensions/Share/Share.entitlements;
				CODE_SIGN_STYLE = Automatic;
				ENABLE_DEBUG_DYLIB = NO;
				INFOPLIST_FILE = Extensions/Share/Info.plist;
				IPHONEOS_DEPLOYMENT_TARGET = 18.0;
				LD_RUNPATH_SEARCH_PATHS = (
					"$(inherited)",
					"@executable_path/Frameworks",
					"@executable_path/../../Frameworks",
				);
				PRODUCT_BUNDLE_IDENTIFIER = com.timed.ios.share;
				PRODUCT_NAME = TimedShare;
				SDKROOT = iphoneos;
				SKIP_INSTALL = YES;
				TARGETED_DEVICE_FAMILY = "1,2";
			};
			name = Debug;
		};
		364C187EAC09CBB91FA8743C /* Release */ = {
			isa = XCBuildConfiguration;
			buildSettings = {
				CODE_SIGN_ENTITLEMENTS = Extensions/Share/Share.entitlements;
				CODE_SIGN_STYLE = Automatic;
				ENABLE_DEBUG_DYLIB = NO;
				INFOPLIST_FILE = Extensions/Share/Info.plist;
				IPHONEOS_DEPLOYMENT_TARGET = 18.0;
				LD_RUNPATH_SEARCH_PATHS = (
					"$(inherited)",
					"@executable_path/Frameworks",
					"@executable_path/../../Frameworks",
				);
				PRODUCT_BUNDLE_IDENTIFIER = com.timed.ios.share;
				PRODUCT_NAME = TimedShare;
				SDKROOT = iphoneos;
				SKIP_INSTALL = YES;
				TARGETED_DEVICE_FAMILY = "1,2";
			};
			name = Release;
		};
		37C6BB5D78A641AD67702D5C /* Release */ = {
			isa = XCBuildConfiguration;
			buildSettings = {
				ASSETCATALOG_COMPILER_APPICON_NAME = AppIcon;
				CODE_SIGN_ENTITLEMENTS = Platforms/iOS/Timed.entitlements;
				CODE_SIGN_IDENTITY = "iPhone Developer";
				CODE_SIGN_STYLE = Automatic;
				INFOPLIST_FILE = Platforms/iOS/Info.plist;
				IPHONEOS_DEPLOYMENT_TARGET = 18.0;
				LD_RUNPATH_SEARCH_PATHS = (
					"$(inherited)",
					"@executable_path/Frameworks",
				);
				PRODUCT_BUNDLE_IDENTIFIER = com.timed.ios;
				PRODUCT_NAME = Timed;
				SDKROOT = iphoneos;
				SUPPORTS_MACCATALYST = NO;
				SUPPORTS_MAC_DESIGNED_FOR_IPHONE_IPAD = NO;
				TARGETED_DEVICE_FAMILY = "1,2";
			};
			name = Release;
		};
		5B7A69F3D39C5DB166710421 /* Release */ = {
			isa = XCBuildConfiguration;
			buildSettings = {
				ASSETCATALOG_COMPILER_APPICON_NAME = AppIcon;
				CODE_SIGN_ENTITLEMENTS = Platforms/Mac/Timed.entitlements;
				CODE_SIGN_IDENTITY = "-";
				CODE_SIGN_STYLE = Automatic;
				COMBINE_HIDPI_IMAGES = YES;
				ENABLE_HARDENED_RUNTIME = YES;
				INFOPLIST_FILE = Platforms/Mac/Info.plist;
				LD_RUNPATH_SEARCH_PATHS = (
					"$(inherited)",
					"@executable_path/../Frameworks",
				);
				MACOSX_DEPLOYMENT_TARGET = 15.0;
				PRODUCT_BUNDLE_IDENTIFIER = com.ammarshahin.timed;
				PRODUCT_NAME = Timed;
				SDKROOT = macosx;
			};
			name = Release;
		};
		66A3AB8AC2CBB5393A03EAB0 /* Debug */ = {
			isa = XCBuildConfiguration;
			buildSettings = {
				CODE_SIGN_ENTITLEMENTS = Extensions/Widgets/Widgets.entitlements;
				CODE_SIGN_STYLE = Automatic;
				ENABLE_DEBUG_DYLIB = NO;
				INFOPLIST_FILE = Extensions/Widgets/Info.plist;
				IPHONEOS_DEPLOYMENT_TARGET = 18.0;
				LD_RUNPATH_SEARCH_PATHS = (
					"$(inherited)",
					"@executable_path/Frameworks",
					"@executable_path/../../Frameworks",
				);
				PRODUCT_BUNDLE_IDENTIFIER = com.timed.ios.widgets;
				PRODUCT_NAME = TimedWidgets;
				SDKROOT = iphoneos;
				SKIP_INSTALL = YES;
				TARGETED_DEVICE_FAMILY = "1,2";
			};
			name = Debug;
		};
		6F465145FC62E3BA7CE4C1FE /* Release */ = {
			isa = XCBuildConfiguration;
			buildSettings = {
				ALWAYS_SEARCH_USER_PATHS = NO;
				CLANG_ANALYZER_NONNULL = YES;
				CLANG_ANALYZER_NUMBER_OBJECT_CONVERSION = YES_AGGRESSIVE;
				CLANG_CXX_LANGUAGE_STANDARD = "gnu++14";
				CLANG_CXX_LIBRARY = "libc++";
				CLANG_ENABLE_MODULES = YES;
				CLANG_ENABLE_OBJC_ARC = YES;
				CLANG_ENABLE_OBJC_WEAK = YES;
				CLANG_WARN_BLOCK_CAPTURE_AUTORELEASING = YES;
				CLANG_WARN_BOOL_CONVERSION = YES;
				CLANG_WARN_COMMA = YES;
				CLANG_WARN_CONSTANT_CONVERSION = YES;
				CLANG_WARN_DEPRECATED_OBJC_IMPLEMENTATIONS = YES;
				CLANG_WARN_DIRECT_OBJC_ISA_USAGE = YES_ERROR;
				CLANG_WARN_DOCUMENTATION_COMMENTS = YES;
				CLANG_WARN_EMPTY_BODY = YES;
				CLANG_WARN_ENUM_CONVERSION = YES;
				CLANG_WARN_INFINITE_RECURSION = YES;
				CLANG_WARN_INT_CONVERSION = YES;
				CLANG_WARN_NON_LITERAL_NULL_CONVERSION = YES;
				CLANG_WARN_OBJC_IMPLICIT_RETAIN_SELF = YES;
				CLANG_WARN_OBJC_LITERAL_CONVERSION = YES;
				CLANG_WARN_OBJC_ROOT_CLASS = YES_ERROR;
				CLANG_WARN_QUOTED_INCLUDE_IN_FRAMEWORK_HEADER = YES;
				CLANG_WARN_RANGE_LOOP_ANALYSIS = YES;
				CLANG_WARN_STRICT_PROTOTYPES = YES;
				CLANG_WARN_SUSPICIOUS_MOVE = YES;
				CLANG_WARN_UNGUARDED_AVAILABILITY = YES_AGGRESSIVE;
				CLANG_WARN_UNREACHABLE_CODE = YES;
				CLANG_WARN__DUPLICATE_METHOD_MATCH = YES;
				COPY_PHASE_STRIP = NO;
				CURRENT_PROJECT_VERSION = 1;
				DEAD_CODE_STRIPPING = YES;
				DEBUG_INFORMATION_FORMAT = "dwarf-with-dsym";
				ENABLE_NS_ASSERTIONS = NO;
				ENABLE_STRICT_OBJC_MSGSEND = YES;
				ENABLE_USER_SCRIPT_SANDBOXING = NO;
				GCC_C_LANGUAGE_STANDARD = gnu11;
				GCC_NO_COMMON_BLOCKS = YES;
				GCC_WARN_64_TO_32_BIT_CONVERSION = YES;
				GCC_WARN_ABOUT_RETURN_TYPE = YES_ERROR;
				GCC_WARN_UNDECLARED_SELECTOR = YES;
				GCC_WARN_UNINITIALIZED_AUTOS = YES_AGGRESSIVE;
				GCC_WARN_UNUSED_FUNCTION = YES;
				GCC_WARN_UNUSED_VARIABLE = YES;
				IPHONEOS_DEPLOYMENT_TARGET = 18.0;
				MACOSX_DEPLOYMENT_TARGET = 15.0;
				MARKETING_VERSION = 0.2.0;
				MTL_ENABLE_DEBUG_INFO = NO;
				MTL_FAST_MATH = YES;
				PRODUCT_NAME = "$(TARGET_NAME)";
				SWIFT_COMPILATION_MODE = wholemodule;
				SWIFT_OPTIMIZATION_LEVEL = "-O";
				SWIFT_STRICT_CONCURRENCY = complete;
				SWIFT_UPCOMING_FEATURE_BARE_SLASH_REGEX_LITERALS = YES;
				SWIFT_VERSION = 6.1;
			};
			name = Release;
		};
		97DBD38CD8083DB98783BB5D /* Release */ = {
			isa = XCBuildConfiguration;
			buildSettings = {
				CODE_SIGN_ENTITLEMENTS = Extensions/Widgets/Widgets.entitlements;
				CODE_SIGN_STYLE = Automatic;
				ENABLE_DEBUG_DYLIB = NO;
				INFOPLIST_FILE = Extensions/Widgets/Info.plist;
				IPHONEOS_DEPLOYMENT_TARGET = 18.0;
				LD_RUNPATH_SEARCH_PATHS = (
					"$(inherited)",
					"@executable_path/Frameworks",
					"@executable_path/../../Frameworks",
				);
				PRODUCT_BUNDLE_IDENTIFIER = com.timed.ios.widgets;
				PRODUCT_NAME = TimedWidgets;
				SDKROOT = iphoneos;
				SKIP_INSTALL = YES;
				TARGETED_DEVICE_FAMILY = "1,2";
			};
			name = Release;
		};
		A4EF644BB4AB401A6654D66E /* Debug */ = {
			isa = XCBuildConfiguration;
			buildSettings = {
				ALWAYS_SEARCH_USER_PATHS = NO;
				CLANG_ANALYZER_NONNULL = YES;
				CLANG_ANALYZER_NUMBER_OBJECT_CONVERSION = YES_AGGRESSIVE;
				CLANG_CXX_LANGUAGE_STANDARD = "gnu++14";
				CLANG_CXX_LIBRARY = "libc++";
				CLANG_ENABLE_MODULES = YES;
				CLANG_ENABLE_OBJC_ARC = YES;
				CLANG_ENABLE_OBJC_WEAK = YES;
				CLANG_WARN_BLOCK_CAPTURE_AUTORELEASING = YES;
				CLANG_WARN_BOOL_CONVERSION = YES;
				CLANG_WARN_COMMA = YES;
				CLANG_WARN_CONSTANT_CONVERSION = YES;
				CLANG_WARN_DEPRECATED_OBJC_IMPLEMENTATIONS = YES;
				CLANG_WARN_DIRECT_OBJC_ISA_USAGE = YES_ERROR;
				CLANG_WARN_DOCUMENTATION_COMMENTS = YES;
				CLANG_WARN_EMPTY_BODY = YES;
				CLANG_WARN_ENUM_CONVERSION = YES;
				CLANG_WARN_INFINITE_RECURSION = YES;
				CLANG_WARN_INT_CONVERSION = YES;
				CLANG_WARN_NON_LITERAL_NULL_CONVERSION = YES;
				CLANG_WARN_OBJC_IMPLICIT_RETAIN_SELF = YES;
				CLANG_WARN_OBJC_LITERAL_CONVERSION = YES;
				CLANG_WARN_OBJC_ROOT_CLASS = YES_ERROR;
				CLANG_WARN_QUOTED_INCLUDE_IN_FRAMEWORK_HEADER = YES;
				CLANG_WARN_RANGE_LOOP_ANALYSIS = YES;
				CLANG_WARN_STRICT_PROTOTYPES = YES;
				CLANG_WARN_SUSPICIOUS_MOVE = YES;
				CLANG_WARN_UNGUARDED_AVAILABILITY = YES_AGGRESSIVE;
				CLANG_WARN_UNREACHABLE_CODE = YES;
				CLANG_WARN__DUPLICATE_METHOD_MATCH = YES;
				COPY_PHASE_STRIP = NO;
				CURRENT_PROJECT_VERSION = 1;
				DEAD_CODE_STRIPPING = YES;
				DEBUG_INFORMATION_FORMAT = dwarf;
				ENABLE_STRICT_OBJC_MSGSEND = YES;
				ENABLE_TESTABILITY = YES;
				ENABLE_USER_SCRIPT_SANDBOXING = NO;
				GCC_C_LANGUAGE_STANDARD = gnu11;
				GCC_DYNAMIC_NO_PIC = NO;
				GCC_NO_COMMON_BLOCKS = YES;
				GCC_OPTIMIZATION_LEVEL = 0;
				GCC_PREPROCESSOR_DEFINITIONS = (
					"$(inherited)",
					"DEBUG=1",
				);
				GCC_WARN_64_TO_32_BIT_CONVERSION = YES;
				GCC_WARN_ABOUT_RETURN_TYPE = YES_ERROR;
				GCC_WARN_UNDECLARED_SELECTOR = YES;
				GCC_WARN_UNINITIALIZED_AUTOS = YES_AGGRESSIVE;
				GCC_WARN_UNUSED_FUNCTION = YES;
				GCC_WARN_UNUSED_VARIABLE = YES;
				IPHONEOS_DEPLOYMENT_TARGET = 18.0;
				MACOSX_DEPLOYMENT_TARGET = 15.0;
				MARKETING_VERSION = 0.2.0;
				MTL_ENABLE_DEBUG_INFO = INCLUDE_SOURCE;
				MTL_FAST_MATH = YES;
				ONLY_ACTIVE_ARCH = YES;
				PRODUCT_NAME = "$(TARGET_NAME)";
				SWIFT_ACTIVE_COMPILATION_CONDITIONS = DEBUG;
				SWIFT_OPTIMIZATION_LEVEL = "-Onone";
				SWIFT_STRICT_CONCURRENCY = complete;
				SWIFT_UPCOMING_FEATURE_BARE_SLASH_REGEX_LITERALS = YES;
				SWIFT_VERSION = 6.1;
			};
			name = Debug;
		};
		D476425FF8618FEE4E228670 /* Debug */ = {
			isa = XCBuildConfiguration;
			buildSettings = {
				ASSETCATALOG_COMPILER_APPICON_NAME = AppIcon;
				CODE_SIGN_ENTITLEMENTS = Platforms/iOS/Timed.entitlements;
				CODE_SIGN_IDENTITY = "iPhone Developer";
				CODE_SIGN_STYLE = Automatic;
				INFOPLIST_FILE = Platforms/iOS/Info.plist;
				IPHONEOS_DEPLOYMENT_TARGET = 18.0;
				LD_RUNPATH_SEARCH_PATHS = (
					"$(inherited)",
					"@executable_path/Frameworks",
				);
				PRODUCT_BUNDLE_IDENTIFIER = com.timed.ios;
				PRODUCT_NAME = Timed;
				SDKROOT = iphoneos;
				SUPPORTS_MACCATALYST = NO;
				SUPPORTS_MAC_DESIGNED_FOR_IPHONE_IPAD = NO;
				TARGETED_DEVICE_FAMILY = "1,2";
			};
			name = Debug;
		};
/* End XCBuildConfiguration section */

/* Begin XCConfigurationList section */
		244C65DE4BD1FBECC3599815 /* Build configuration list for PBXNativeTarget "TimedMac" */ = {
			isa = XCConfigurationList;
			buildConfigurations = (
				05C462C471995706DE02987A /* Debug */,
				5B7A69F3D39C5DB166710421 /* Release */,
			);
			defaultConfigurationIsVisible = 0;
			defaultConfigurationName = Debug;
		};
		36E5BBFA62DBD95FF1E62FBB /* Build configuration list for PBXNativeTarget "TimedShare" */ = {
			isa = XCConfigurationList;
			buildConfigurations = (
				0B59E57AFDDD09ACD5A41AC4 /* Debug */,
				364C187EAC09CBB91FA8743C /* Release */,
			);
			defaultConfigurationIsVisible = 0;
			defaultConfigurationName = Debug;
		};
		37C73AD237B470202DA20FA4 /* Build configuration list for PBXNativeTarget "TimediOS" */ = {
			isa = XCConfigurationList;
			buildConfigurations = (
				D476425FF8618FEE4E228670 /* Debug */,
				37C6BB5D78A641AD67702D5C /* Release */,
			);
			defaultConfigurationIsVisible = 0;
			defaultConfigurationName = Debug;
		};
		44947E5B3D141FED3B2F14C0 /* Build configuration list for PBXNativeTarget "TimedWidgets" */ = {
			isa = XCConfigurationList;
			buildConfigurations = (
				66A3AB8AC2CBB5393A03EAB0 /* Debug */,
				97DBD38CD8083DB98783BB5D /* Release */,
			);
			defaultConfigurationIsVisible = 0;
			defaultConfigurationName = Debug;
		};
		A96E151A343C1CF1C70663DF /* Build configuration list for PBXProject "Timed" */ = {
			isa = XCConfigurationList;
			buildConfigurations = (
				A4EF644BB4AB401A6654D66E /* Debug */,
				6F465145FC62E3BA7CE4C1FE /* Release */,
			);
			defaultConfigurationIsVisible = 0;
			defaultConfigurationName = Debug;
		};
/* End XCConfigurationList section */

/* Begin XCLocalSwiftPackageReference section */
		5C6CA39A73A71CE7CC860D1C /* XCLocalSwiftPackageReference "." */ = {
			isa = XCLocalSwiftPackageReference;
			relativePath = .;
		};
/* End XCLocalSwiftPackageReference section */

/* Begin XCSwiftPackageProductDependency section */
		1BF4FF7E506CAB396751F103 /* TimedKit */ = {
			isa = XCSwiftPackageProductDependency;
			productName = TimedKit;
		};
		7FA8DC3E0DF52AE3C1796D23 /* TimedKit */ = {
			isa = XCSwiftPackageProductDependency;
			productName = TimedKit;
		};
/* End XCSwiftPackageProductDependency section */
	};
	rootObject = 5838F89CB4F44D13FB419BBB /* Project object */;
}
